{
  "name": "jasper",
  "lockfileVersion": 3,
  "requires": true,
  "packages": {
    "": {
      "dependencies": {
        "vue-month-picker": "^1.7.2"
      }
    },
    "node_modules/vue-month-picker": {
      "version": "1.7.2",
      "resolved": "https://registry.npmjs.org/vue-month-picker/-/vue-month-picker-1.7.2.tgz",
      "integrity": "sha512-Wov461A/Xk+h2ktfjQHeqCYMk9sRvmBL1uFxOzRTa2XiiUA5L6Cv8QZ0EvlXxkeM2EkmhltnidgWVCUEi9lXYg==",
      "license": "MIT"
    }
  }
}
